
Microsoft Visual Studio Solution File, Format Version 12.00
# Visual Studio Version 16
VisualStudioVersion = 16.0.29709.97
MinimumVisualStudioVersion = 10.0.40219.1
Project("{9A19103F-16F7-4668-BE54-9A1E7A4F7556}") = "ComboBugRepro", "ComboBugRepro.csproj", "{3A244F42-4A62-43EB-945C-E9992B445665}"
EndProject
Global
	GlobalSection(SolutionConfigurationPlatforms) = preSolution
		Debug|Any CPU = Debug|Any CPU
		Release|Any CPU = Release|Any CPU
	EndGlobalSection
	GlobalSection(ProjectConfigurationPlatforms) = postSolution
		{3A244F42-4A62-43EB-945C-E9992B445665}.Debug|Any CPU.ActiveCfg = Debug|Any CPU
		{3A244F42-4A62-43EB-945C-E9992B445665}.Debug|Any CPU.Build.0 = Debug|Any CPU
		{3A244F42-4A62-43EB-945C-E9992B445665}.Release|Any CPU.ActiveCfg = Release|Any CPU
		{3A244F42-4A62-43EB-945C-E9992B445665}.Release|Any CPU.Build.0 = Release|Any CPU
	EndGlobalSection
	GlobalSection(SolutionProperties) = preSolution
		HideSolutionNode = FALSE
	EndGlobalSection
	GlobalSection(ExtensibilityGlobals) = postSolution
		SolutionGuid = {2C58855D-40EB-40D6-8893-28BCC90B1DF6}
	EndGlobalSection
EndGlobal
